	<Project xmlns="http://schemas.microsoft.com/developer/msbuild/2003">
		<PropertyGroup>
			<ProjectGuid>{D9C8CF20-0CD1-4449-AFC2-A2414AB0D420}</ProjectGuid>
			<MainSource>IWEliteSuite_90_Delphi2007w32.dpk</MainSource>
			<Config Condition="'$(Config)'==''">Debug</Config>
			<DCC_DCCCompiler>DCC32</DCC_DCCCompiler>
		</PropertyGroup>
		<PropertyGroup Condition="'$(Config)'=='Basis' or '$(Base)'!=''">
			<Base>true</Base>
		</PropertyGroup>
		<PropertyGroup Condition="'$(Config)'=='Release' or '$(Cfg_1)'!=''">
			<Cfg_1>true</Cfg_1>
			<CfgParent>Base</CfgParent>
			<Base>true</Base>
		</PropertyGroup>
		<PropertyGroup Condition="'$(Config)'=='Debug' or '$(Cfg_2)'!=''">
			<Cfg_2>true</Cfg_2>
			<CfgParent>Base</CfgParent>
			<Base>true</Base>
		</PropertyGroup>
		<PropertyGroup Condition="'$(Base)'!=''">
			<DCC_DependencyCheckOutputName>C:\Users\Public\Documents\RAD Studio\6.0\Bpl\IWEliteSuite_90_Delphi2007w32.bpl</DCC_DependencyCheckOutputName>
			<DCC_ImageBase>00400000</DCC_ImageBase>
			<DCC_Description>Arcana IntraWeb Elite Suite</DCC_Description>
			<RuntimeOnlyPackage>true</RuntimeOnlyPackage>
			<DCC_WriteableConstants>true</DCC_WriteableConstants>
			<DCC_OutputNeverBuildDcps>true</DCC_OutputNeverBuildDcps>
			<GenDll>true</GenDll>
			<GenPackage>true</GenPackage>
			<DCC_SymbolReferenceInfo>1</DCC_SymbolReferenceInfo>
			<DCC_UnitAlias>WinTypes=Windows;WinProcs=Windows;DbiTypes=BDE;DbiProcs=BDE;DbiErrs=BDE;$(DCC_UnitAlias)</DCC_UnitAlias>
			<DCC_UsePackage>vclx;vcl;dbrtl;Rave76VCL;bdertl;rtl;vclactnband;xmlrtl;vcldb;vcldbx;dsnap;dsnapcon;vclib;ibxpress;adortl;IndyCore;IndySystem;IndyProtocols;inet;intrawebdb_100_120;Intraweb_100_120;VclSmp;vclie;websnap;webdsnap;inetdbbde;inetdbxpress;soaprtl;vclribbon;dbexpress;DbxCommonDriver;DataSnapIndy10ServerTransport;DataSnapProviderClient;DataSnapServer;DbxClientDriver;DBXInterBaseDriver;DBXMySQLDriver;dbxcds;DBXSybaseASEDriver;DBXSybaseASADriver;DBXOracleDriver;DBXMSSQLDriver;DBXInformixDriver;DBXDb2Driver;IWxDojoD2009;Hydra_Core_D12;TeeTree2D12Tee8;TeeWorld812;TeeImage812;TeeLanguage812;TeePro812;TeeGL812;TeeUI812;TeeDB812;Tee812;TortoiseD2009</DCC_UsePackage>
		</PropertyGroup>
		<PropertyGroup Condition="'$(Cfg_1)'!=''">
			<DCC_DebugInformation>False</DCC_DebugInformation>
			<DCC_LocalDebugSymbols>False</DCC_LocalDebugSymbols>
			<DCC_SymbolReferenceInfo>0</DCC_SymbolReferenceInfo>
			<DCC_Define>RELEASE;$(DCC_Define)</DCC_Define>
		</PropertyGroup>
		<PropertyGroup Condition="'$(Cfg_2)'!=''">
			<DCC_Define>DEBUG;$(DCC_Define)</DCC_Define>
		</PropertyGroup>
		<ItemGroup>
			<DelphiCompile Include="IWEliteSuite_90_Delphi2007w32.dpk">
				<MainSource>MainSource</MainSource>
			</DelphiCompile>
			<DCCReference Include="rtl.dcp"/>
			<DCCReference Include="Intraweb_90_100.dcp"/>
			<DCCReference Include="IntrawebDB_90_100.dcp"/>
			<DCCReference Include="vcl.dcp"/>
			<DCCReference Include="vcljpg.dcp"/>
			<DCCReference Include="vclimg.dcp"/>
			<DCCReference Include="vclx.dcp"/>
			<DCCReference Include="inet.dcp"/>
			<DCCReference Include="ArcD5Fix.pas"/>
			<DCCReference Include="ArcFastStrings.pas"/>
			<DCCReference Include="ArcIWAutoTranslate.pas"/>
			<DCCReference Include="ArcIWCheckListBox.pas"/>
			<DCCReference Include="ArcIWComponentSelectorForm.pas"/>
			<DCCReference Include="ArcIWControlBase.pas"/>
			<DCCReference Include="ArcIWControlCommon.pas"/>
			<DCCReference Include="ArcIWCustomGrid.pas"/>
			<DCCReference Include="ArcIWDlgBase.pas"/>
			<DCCReference Include="ArcIWDlgConfirmPopup.pas"/>
			<DCCReference Include="ArcIWDlgEmailUserLogin.pas"/>
			<DCCReference Include="ArcIWDlgLogin.pas"/>
			<DCCReference Include="ArcIWDlgMessageBox.pas"/>
			<DCCReference Include="ArcIWDlgPopupRegion.pas"/>
			<DCCReference Include="ArcIWDlgPrint.pas"/>
			<DCCReference Include="ArcIWDlgProgress.pas"/>
			<DCCReference Include="ArcIWDlgScrollableMessageBox.pas"/>
			<DCCReference Include="ArcIWDlgSearchReplace.pas"/>
			<DCCReference Include="ArcIWDlgTimeout.pas"/>
			<DCCReference Include="ArcIWEliteResources.pas"/>
			<DCCReference Include="ArcIWEmbeddedHTML.pas"/>
			<DCCReference Include="ArcIWEnhancedComps.pas"/>
			<DCCReference Include="ArcIWEnhancedDBComps.pas"/>
			<DCCReference Include="ArcIWEnhancedInterface.pas"/>
			<DCCReference Include="ArcIWFileGrid.pas"/>
			<DCCReference Include="ArcIWFilledBox.pas"/>
			<DCCReference Include="ArcIWFontManager.pas"/>
			<DCCReference Include="ArcIWFusionChart.pas"/>
			<DCCReference Include="ArcIWGraphsBar.pas"/>
			<DCCReference Include="ArcIWGridCommon.pas"/>
			<DCCReference Include="ArcIWImageURL.pas"/>
			<DCCReference Include="ArcIWInteropCommon.pas"/>
			<DCCReference Include="ArcIWInteropController.pas"/>
			<DCCReference Include="ArcIWInteropReceiver.pas"/>
			<DCCReference Include="ArcIWInteropRenderer.pas"/>
			<DCCReference Include="ArcIWIOPPooling.pas"/>
			<DCCReference Include="ArcIWLanguages.pas"/>
			<DCCReference Include="ArcIWLanguageTypes.pas"/>
			<DCCReference Include="ArcIWLoginManager.pas"/>
			<DCCReference Include="ArcIWOperaButton.pas"/>
			<DCCReference Include="ArcIWOperaComboBox.pas"/>
			<DCCReference Include="ArcIWOperaEdit.pas"/>
			<DCCReference Include="ArcIWOperaFix.pas"/>
			<DCCReference Include="ArcIWOperaGrid.pas"/>
			<DCCReference Include="ArcIWOperaListbox.pas"/>
			<DCCReference Include="ArcIWOperaMemo.pas"/>
			<DCCReference Include="ArcIWPageController.pas"/>
			<DCCReference Include="ArcIWPageFileUpload.pas"/>
			<DCCReference Include="ArcIWPageIcon.pas"/>
			<DCCReference Include="ArcIWPaypalLink.pas"/>
			<DCCReference Include="ArcIWRegionGrid.pas"/>
			<DCCReference Include="ArcIWRegionGridComponents.pas"/>
			<DCCReference Include="ArcIWScreenInfo.pas"/>
			<DCCReference Include="ArcIWSelectLanguage.pas"/>
			<DCCReference Include="ArcIWServerManager.pas"/>
			<DCCReference Include="ArcIWServerTimer.pas"/>
			<DCCReference Include="ArcIWStringContainer.pas"/>
			<DCCReference Include="ArcIWStringGrid.pas"/>
			<DCCReference Include="ArcIWStringGridContent.pas"/>
			<DCCReference Include="ArcIWStringGridDatasetContent.pas"/>
			<DCCReference Include="ArcIWStringGridINIContent.pas"/>
			<DCCReference Include="ArcIWStringGridTreeContent.pas"/>
			<DCCReference Include="ArcIWTemplateProcessor7.pas"/>
			<DCCReference Include="ArcIWToolWindow.pas"/>
			<DCCReference Include="ArcIWTranslationEditorInputForm.pas"/>
			<DCCReference Include="ArcIWTranslationProgress.pas"/>
			<DCCReference Include="ArcIWTranslationTableEditor.pas"/>
			<DCCReference Include="ArcIWTranslatorBase.pas"/>
			<DCCReference Include="ArcIWWebModuleBridge.pas"/>
			<DCCReference Include="ArcPersistentStream.pas"/>
			<DCCReference Include="ArcRuntimeConfig.pas"/>
			<DCCReference Include="ArcRuntimeConfigEditorForm.pas"/>
			<DCCReference Include="ArcServerConfig.pas"/>
			<DCCReference Include="ArcStyleManager.pas"/>
			<DCCReference Include="ArcWebCommon.pas"/>
			<DCCReference Include="uAppDialogForm.pas"/>
			<DCCReference Include="uAppDlgEmailUserLoginForm.pas"/>
			<DCCReference Include="uAppDlgLoginForm.pas"/>
			<DCCReference Include="uAppDlgProgressForm.pas"/>
			<DCCReference Include="uAppDlgScrollableForm.pas"/>
			<DCCReference Include="uAppDlgSearchReplaceForm.pas"/>
			<DCCReference Include="uLoginManager.pas"/>
			<DCCReference Include="uSMCommon.pas"/>
			<DCCReference Include="uStatisticFile.pas"/>
			<DCCReference Include="ArcIWDateLabel.pas"/>
			<DCCReference Include="ArcIWTabRegion.pas"/>
			<BuildConfiguration Include="Basis">
				<Key>Base</Key>
			</BuildConfiguration>
			<BuildConfiguration Include="Debug">
				<Key>Cfg_2</Key>
				<CfgParent>Base</CfgParent>
			</BuildConfiguration>
			<BuildConfiguration Include="Release">
				<Key>Cfg_1</Key>
				<CfgParent>Base</CfgParent>
			</BuildConfiguration>
		</ItemGroup>
		<Import Project="$(BDS)\Bin\CodeGear.Delphi.Targets" Condition="Exists('$(BDS)\Bin\CodeGear.Delphi.Targets')"/>
		<ProjectExtensions>
			<Borland.Personality>Delphi.Personality.12</Borland.Personality>
			<Borland.ProjectType>Package</Borland.ProjectType>
			<BorlandProject>
				<Delphi.Personality>
					<Source>
						<Source Name="MainSource">IWEliteSuite_90_Delphi2007w32.dpk</Source>
					</Source>
					<Parameters>
						<Parameters Name="UseLauncher">False</Parameters>
						<Parameters Name="LoadAllSymbols">True</Parameters>
						<Parameters Name="LoadUnspecifiedSymbols">False</Parameters>
					</Parameters>
					<VersionInfo>
						<VersionInfo Name="IncludeVerInfo">False</VersionInfo>
						<VersionInfo Name="AutoIncBuild">False</VersionInfo>
						<VersionInfo Name="MajorVer">1</VersionInfo>
						<VersionInfo Name="MinorVer">0</VersionInfo>
						<VersionInfo Name="Release">0</VersionInfo>
						<VersionInfo Name="Build">0</VersionInfo>
						<VersionInfo Name="Debug">False</VersionInfo>
						<VersionInfo Name="PreRelease">False</VersionInfo>
						<VersionInfo Name="Special">False</VersionInfo>
						<VersionInfo Name="Private">False</VersionInfo>
						<VersionInfo Name="DLL">False</VersionInfo>
						<VersionInfo Name="Locale">1031</VersionInfo>
						<VersionInfo Name="CodePage">1252</VersionInfo>
					</VersionInfo>
					<VersionInfoKeys>
						<VersionInfoKeys Name="CompanyName"/>
						<VersionInfoKeys Name="FileDescription"/>
						<VersionInfoKeys Name="FileVersion">1.0.0.0</VersionInfoKeys>
						<VersionInfoKeys Name="InternalName"/>
						<VersionInfoKeys Name="LegalCopyright"/>
						<VersionInfoKeys Name="LegalTrademarks"/>
						<VersionInfoKeys Name="OriginalFilename"/>
						<VersionInfoKeys Name="ProductName"/>
						<VersionInfoKeys Name="ProductVersion">1.0.0.0</VersionInfoKeys>
						<VersionInfoKeys Name="Comments"/>
					</VersionInfoKeys>
					<Excluded_Packages>
						<Excluded_Packages Name="$(BDS)\bin\bcboffice2k120.bpl">CodeGear C++Builder Office 2000-Server-Package</Excluded_Packages>
						<Excluded_Packages Name="$(BDS)\bin\bcbofficexp120.bpl">CodeGear C++Builder Office XP-Server-Package</Excluded_Packages>
						<Excluded_Packages Name="$(BDS)\bin\dcloffice2k120.bpl">Microsoft Office 2000 Beispiele für gekapselte Komponenten für Automation Server</Excluded_Packages>
						<Excluded_Packages Name="$(BDS)\bin\dclofficexp120.bpl">Microsoft Office XP Beispiele für gekapselte Komponenten für Automation Server</Excluded_Packages>
					</Excluded_Packages>
				</Delphi.Personality>
			</BorlandProject>
			<ProjectFileVersion>12</ProjectFileVersion>
		</ProjectExtensions>
	</Project>
